
Microsoft Visual Studio Solution File, Format Version 11.00
# Visual Studio 2010
Project("{FAE04EC0-301F-11D3-BF4B-00C04F79EFBC}") = "MoveIt", "MoveIt\MoveIt.csproj", "{E77EDE8B-DC19-4767-99F9-6C6A549D0016}"
EndProject
Global
	GlobalSection(SolutionConfigurationPlatforms) = preSolution
		Debug|Any CPU = Debug|Any CPU
		Release|Any CPU = Release|Any CPU
	EndGlobalSection
	GlobalSection(ProjectConfigurationPlatforms) = postSolution
		{E77EDE8B-DC19-4767-99F9-6C6A549D0016}.Debug|Any CPU.ActiveCfg = Debug|Any CPU
		{E77EDE8B-DC19-4767-99F9-6C6A549D0016}.Debug|Any CPU.Build.0 = Debug|Any CPU
		{E77EDE8B-DC19-4767-99F9-6C6A549D0016}.Debug|Any CPU.Deploy.0 = Debug|Any CPU
		{E77EDE8B-DC19-4767-99F9-6C6A549D0016}.Release|Any CPU.ActiveCfg = Release|Any CPU
		{E77EDE8B-DC19-4767-99F9-6C6A549D0016}.Release|Any CPU.Build.0 = Release|Any CPU
		{E77EDE8B-DC19-4767-99F9-6C6A549D0016}.Release|Any CPU.Deploy.0 = Release|Any CPU
	EndGlobalSection
	GlobalSection(SolutionProperties) = preSolution
		HideSolutionNode = FALSE
	EndGlobalSection
EndGlobal
